
Microsoft Visual Studio Solution File, Format Version 12.00
# Visual Studio Version 17
VisualStudioVersion = 17.14.36915.13 d17.14
MinimumVisualStudioVersion = 10.0.40219.1
Project("{FAE04EC0-301F-11D3-BF4B-00C04F79EFBC}") = "SERMS.API", "SERMS.API\SERMS.API.csproj", "{4646FBF3-390C-43B9-84E7-A20604E87159}"
EndProject
Project("{FAE04EC0-301F-11D3-BF4B-00C04F79EFBC}") = "SERMS.Domain", "SERMS.Domain\SERMS.Domain.csproj", "{7D350B05-328E-415E-A774-931DDB5302F4}"
EndProject
Project("{FAE04EC0-301F-11D3-BF4B-00C04F79EFBC}") = "SERMS.Infrastructure", "SERMS.Infrastructure\SERMS.Infrastructure.csproj", "{2F0D9D43-029F-4E56-8FD7-903FEEA4E763}"
EndProject
Global
	GlobalSection(SolutionConfigurationPlatforms) = preSolution
		Debug|Any CPU = Debug|Any CPU
		Release|Any CPU = Release|Any CPU
	EndGlobalSection
	GlobalSection(ProjectConfigurationPlatforms) = postSolution
		{4646FBF3-390C-43B9-84E7-A20604E87159}.Debug|Any CPU.ActiveCfg = Debug|Any CPU
		{4646FBF3-390C-43B9-84E7-A20604E87159}.Debug|Any CPU.Build.0 = Debug|Any CPU
		{4646FBF3-390C-43B9-84E7-A20604E87159}.Release|Any CPU.ActiveCfg = Release|Any CPU
		{4646FBF3-390C-43B9-84E7-A20604E87159}.Release|Any CPU.Build.0 = Release|Any CPU
		{7D350B05-328E-415E-A774-931DDB5302F4}.Debug|Any CPU.ActiveCfg = Debug|Any CPU
		{7D350B05-328E-415E-A774-931DDB5302F4}.Debug|Any CPU.Build.0 = Debug|Any CPU
		{7D350B05-328E-415E-A774-931DDB5302F4}.Release|Any CPU.ActiveCfg = Release|Any CPU
		{7D350B05-328E-415E-A774-931DDB5302F4}.Release|Any CPU.Build.0 = Release|Any CPU
		{2F0D9D43-029F-4E56-8FD7-903FEEA4E763}.Debug|Any CPU.ActiveCfg = Debug|Any CPU
		{2F0D9D43-029F-4E56-8FD7-903FEEA4E763}.Debug|Any CPU.Build.0 = Debug|Any CPU
		{2F0D9D43-029F-4E56-8FD7-903FEEA4E763}.Release|Any CPU.ActiveCfg = Release|Any CPU
		{2F0D9D43-029F-4E56-8FD7-903FEEA4E763}.Release|Any CPU.Build.0 = Release|Any CPU
	EndGlobalSection
	GlobalSection(SolutionProperties) = preSolution
		HideSolutionNode = FALSE
	EndGlobalSection
	GlobalSection(ExtensibilityGlobals) = postSolution
		SolutionGuid = {B84AED05-8F2E-4ED4-B0A9-C2FA1F117406}
	EndGlobalSection
EndGlobal
